// !$*UTF8*$!
{
	archiveVersion = 1;
	classes = {
	};
	objectVersion = 50;
	objects = {

/* Begin PBXBuildFile section */
		2700DE10245844D80061EAEC /* README.md in Resources */ = {isa = PBXBuildFile; fileRef = 2700DE0F245844D80061EAEC /* README.md */; };
		2700DE12245845740061EAEC /* BuildingNode.swift in Sources */ = {isa = PBXBuildFile; fileRef = 2700DE11245845740061EAEC /* BuildingNode.swift */; };
		2700DE152458665C0061EAEC /* hitPlayer.sks in Resources */ = {isa = PBXBuildFile; fileRef = 2700DE132458665C0061EAEC /* hitPlayer.sks */; };
		2700DE162458665C0061EAEC /* hitBuilding.sks in Resources */ = {isa = PBXBuildFile; fileRef = 2700DE142458665C0061EAEC /* hitBuilding.sks */; };
		2779D537245843C700B59A2D /* AppDelegate.swift in Sources */ = {isa = PBXBuildFile; fileRef = 2779D536245843C700B59A2D /* AppDelegate.swift */; };
		2779D539245843C700B59A2D /* GameScene.sks in Resources */ = {isa = PBXBuildFile; fileRef = 2779D538245843C700B59A2D /* GameScene.sks */; };
		2779D53D245843C700B59A2D /* GameScene.swift in Sources */ = {isa = PBXBuildFile; fileRef = 2779D53C245843C700B59A2D /* GameScene.swift */; };
		2779D53F245843C700B59A2D /* GameViewController.swift in Sources */ = {isa = PBXBuildFile; fileRef = 2779D53E245843C700B59A2D /* GameViewController.swift */; };
		2779D542245843C700B59A2D /* Main.storyboard in Resources */ = {isa = PBXBuildFile; fileRef = 2779D540245843C700B59A2D /* Main.storyboard */; };
		2779D544245843CB00B59A2D /* Assets.xcassets in Resources */ = {isa = PBXBuildFile; fileRef = 2779D543245843CB00B59A2D /* Assets.xcassets */; };
		2779D547245843CB00B59A2D /* LaunchScreen.storyboard in Resources */ = {isa = PBXBuildFile; fileRef = 2779D545245843CB00B59A2D /* LaunchScreen.storyboard */; };
/* End PBXBuildFile section */

/* Begin PBXFileReference section */
		2700DE0F245844D80061EAEC /* README.md */ = {isa = PBXFileReference; lastKnownFileType = net.daringfireball.markdown; path = README.md; sourceTree = "<group>"; };
		2700DE11245845740061EAEC /* BuildingNode.swift */ = {isa = PBXFileReference; lastKnownFileType = sourcecode.swift; path = BuildingNode.swift; sourceTree = "<group>"; };
		2700DE132458665C0061EAEC /* hitPlayer.sks */ = {isa = PBXFileReference; lastKnownFileType = file.sks; path = hitPlayer.sks; sourceTree = "<group>"; };
		2700DE142458665C0061EAEC /* hitBuilding.sks */ = {isa = PBXFileReference; lastKnownFileType = file.sks; path = hitBuilding.sks; sourceTree = "<group>"; };
		2779D533245843C700B59A2D /* Project29.app */ = {isa = PBXFileReference; explicitFileType = wrapper.application; includeInIndex = 0; path = Project29.app; sourceTree = BUILT_PRODUCTS_DIR; };
		2779D536245843C700B59A2D /* AppDelegate.swift */ = {isa = PBXFileReference; lastKnownFileType = sourcecode.swift; path = AppDelegate.swift; sourceTree = "<group>"; };
		2779D538245843C700B59A2D /* GameScene.sks */ = {isa = PBXFileReference; lastKnownFileType = file.sks; path = GameScene.sks; sourceTree = "<group>"; };
		2779D53C245843C700B59A2D /* GameScene.swift */ = {isa = PBXFileReference; lastKnownFileType = sourcecode.swift; path = GameScene.swift; sourceTree = "<group>"; };
		2779D53E245843C700B59A2D /* GameViewController.swift */ = {isa = PBXFileReference; lastKnownFileType = sourcecode.swift; path = GameViewController.swift; sourceTree = "<group>"; };
		2779D541245843C700B59A2D /* Base */ = {isa = PBXFileReference; lastKnownFileType = file.storyboard; name = Base; path = Base.lproj/Main.storyboard; sourceTree = "<group>"; };
		2779D543245843CB00B59A2D /* Assets.xcassets */ = {isa = PBXFileReference; lastKnownFileType = folder.assetcatalog; path = Assets.xcassets; sourceTree = "<group>"; };
		2779D546245843CB00B59A2D /* Base */ = {isa = PBXFileReference; lastKnownFileType = file.storyboard; name = Base; path = Base.lproj/LaunchScreen.storyboard; sourceTree = "<group>"; };
		2779D548245843CB00B59A2D /* Info.plist */ = {isa = PBXFileReference; lastKnownFileType = text.plist.xml; path = Info.plist; sourceTree = "<group>"; };
/* End PBXFileReference section */

/* Begin PBXFrameworksBuildPhase section */
		2779D530245843C600B59A2D /* Frameworks */ = {
			isa = PBXFrameworksBuildPhase;
			buildActionMask = 2147483647;
			files = (
			);
			runOnlyForDeploymentPostprocessing = 0;
		};
/* End PBXFrameworksBuildPhase section */

/* Begin PBXGroup section */
		2779D52A245843C600B59A2D = {
			isa = PBXGroup;
			children = (
				2700DE0F245844D80061EAEC /* README.md */,
				2779D535245843C700B59A2D /* Project29 */,
				2779D534245843C700B59A2D /* Products */,
			);
			sourceTree = "<group>";
		};
		2779D534245843C700B59A2D /* Products */ = {
			isa = PBXGroup;
			children = (
				2779D533245843C700B59A2D /* Project29.app */,
			);
			name = Products;
			sourceTree = "<group>";
		};
		2779D535245843C700B59A2D /* Project29 */ = {
			isa = PBXGroup;
			children = (
				2779D536245843C700B59A2D /* AppDelegate.swift */,
				2779D538245843C700B59A2D /* GameScene.sks */,
				2779D53C245843C700B59A2D /* GameScene.swift */,
				2700DE11245845740061EAEC /* BuildingNode.swift */,
				2779D53E245843C700B59A2D /* GameViewController.swift */,
				2779D540245843C700B59A2D /* Main.storyboard */,
				2779D543245843CB00B59A2D /* Assets.xcassets */,
				2779D545245843CB00B59A2D /* LaunchScreen.storyboard */,
				2779D548245843CB00B59A2D /* Info.plist */,
				2700DE142458665C0061EAEC /* hitBuilding.sks */,
				2700DE132458665C0061EAEC /* hitPlayer.sks */,
			);
			path = Project29;
			sourceTree = "<group>";
		};
/* End PBXGroup section */

/* Begin PBXNativeTarget section */
		2779D532245843C600B59A2D /* Project29 */ = {
			isa = PBXNativeTarget;
			buildConfigurationList = 2779D54B245843CB00B59A2D /* Build configuration list for PBXNativeTarget "Project29" */;
			buildPhases = (
				2779D52F245843C600B59A2D /* Sources */,
				2779D530245843C600B59A2D /* Frameworks */,
				2779D531245843C600B59A2D /* Resources */,
			);
			buildRules = (
			);
			dependencies = (
			);
			name = Project29;
			productName = Project29;
			productReference = 2779D533245843C700B59A2D /* Project29.app */;
			productType = "com.apple.product-type.application";
		};
/* End PBXNativeTarget section */

/* Begin PBXProject section */
		2779D52B245843C600B59A2D /* Project object */ = {
			isa = PBXProject;
			attributes = {
				LastSwiftUpdateCheck = 1140;
				LastUpgradeCheck = 1140;
				ORGANIZATIONNAME = Mike;
				TargetAttributes = {
					2779D532245843C600B59A2D = {
						CreatedOnToolsVersion = 11.4;
					};
				};
			};
			buildConfigurationList = 2779D52E245843C600B59A2D /* Build configuration list for PBXProject "Project29" */;
			compatibilityVersion = "Xcode 9.3";
			developmentRegion = en;
			hasScannedForEncodings = 0;
			knownRegions = (
				en,
				Base,
			);
			mainGroup = 2779D52A245843C600B59A2D;
			productRefGroup = 2779D534245843C700B59A2D /* Products */;
			projectDirPath = "";
			projectRoot = "";
			targets = (
				2779D532245843C600B59A2D /* Project29 */,
			);
		};
/* End PBXProject section */

/* Begin PBXResourcesBuildPhase section */
		2779D531245843C600B59A2D /* Resources */ = {
			isa = PBXResourcesBuildPhase;
			buildActionMask = 2147483647;
			files = (
				2779D542245843C700B59A2D /* Main.storyboard in Resources */,
				2779D539245843C700B59A2D /* GameScene.sks in Resources */,
				2700DE152458665C0061EAEC /* hitPlayer.sks in Resources */,
				2700DE162458665C0061EAEC /* hitBuilding.sks in Resources */,
				2700DE10245844D80061EAEC /* README.md in Resources */,
				2779D544245843CB00B59A2D /* Assets.xcassets in Resources */,
				2779D547245843CB00B59A2D /* LaunchScreen.storyboard in Resources */,
			);
			runOnlyForDeploymentPostprocessing = 0;
		};
/* End PBXResourcesBuildPhase section */

/* Begin PBXSourcesBuildPhase section */
		2779D52F245843C600B59A2D /* Sources */ = {
			isa = PBXSourcesBuildPhase;
			buildActionMask = 2147483647;
			files = (
				2779D53D245843C700B59A2D /* GameScene.swift in Sources */,
				2700DE12245845740061EAEC /* BuildingNode.swift in Sources */,
				2779D53F245843C700B59A2D /* GameViewController.swift in Sources */,
				2779D537245843C700B59A2D /* AppDelegate.swift in Sources */,
			);
			runOnlyForDeploymentPostprocessing = 0;
		};
/* End PBXSourcesBuildPhase section */

/* Begin PBXVariantGroup section */
		2779D540245843C700B59A2D /* Main.storyboard */ = {
			isa = PBXVariantGroup;
			children = (
				2779D541245843C700B59A2D /* Base */,
			);
			name = Main.storyboard;
			sourceTree = "<group>";
		};
		2779D545245843CB00B59A2D /* LaunchScreen.storyboard */ = {
			isa = PBXVariantGroup;
			children = (
				2779D546245843CB00B59A2D /* Base */,
			);
			name = LaunchScreen.storyboard;
			sourceTree = "<group>";
		};
/* End PBXVariantGroup section */

/* Begin XCBuildConfiguration section */
		2779D549245843CB00B59A2D /* Debug */ = {
			isa = XCBuildConfiguration;
			buildSettings = {
				ALWAYS_SEARCH_USER_PATHS = NO;
				CLANG_ANALYZER_NONNULL = YES;
				CLANG_ANALYZER_NUMBER_OBJECT_CONVERSION = YES_AGGRESSIVE;
				CLANG_CXX_LANGUAGE_STANDARD = "gnu++14";
				CLANG_CXX_LIBRARY = "libc++";
				CLANG_ENABLE_MODULES = YES;
				CLANG_ENABLE_OBJC_ARC = YES;
				CLANG_ENABLE_OBJC_WEAK = YES;
				CLANG_WARN_BLOCK_CAPTURE_AUTORELEASING = YES;
				CLANG_WARN_BOOL_CONVERSION = YES;
				CLANG_WARN_COMMA = YES;
				CLANG_WARN_CONSTANT_CONVERSION = YES;
				CLANG_WARN_DEPRECATED_OBJC_IMPLEMENTATIONS = YES;
				CLANG_WARN_DIRECT_OBJC_ISA_USAGE = YES_ERROR;
				CLANG_WARN_DOCUMENTATION_COMMENTS = YES;
				CLANG_WARN_EMPTY_BODY = YES;
				CLANG_WARN_ENUM_CONVERSION = YES;
				CLANG_WARN_INFINITE_RECURSION = YES;
				CLANG_WARN_INT_CONVERSION = YES;
				CLANG_WARN_NON_LITERAL_NULL_CONVERSION = YES;
				CLANG_WARN_OBJC_IMPLICIT_RETAIN_SELF = YES;
				CLANG_WARN_OBJC_LITERAL_CONVERSION = YES;
				CLANG_WARN_OBJC_ROOT_CLASS = YES_ERROR;
				CLANG_WARN_RANGE_LOOP_ANALYSIS = YES;
				CLANG_WARN_STRICT_PROTOTYPES = YES;
				CLANG_WARN_SUSPICIOUS_MOVE = YES;
				CLANG_WARN_UNGUARDED_AVAILABILITY = YES_AGGRESSIVE;
				CLANG_WARN_UNREACHABLE_CODE = YES;
				CLANG_WARN__DUPLICATE_METHOD_MATCH = YES;
				COPY_PHASE_STRIP = NO;
				DEBUG_INFORMATION_FORMAT = dwarf;
				ENABLE_STRICT_OBJC_MSGSEND = YES;
				ENABLE_TESTABILITY = YES;
				GCC_C_LANGUAGE_STANDARD = gnu11;
				GCC_DYNAMIC_NO_PIC = NO;
				GCC_NO_COMMON_BLOCKS = YES;
				GCC_OPTIMIZATION_LEVEL = 0;
				GCC_PREPROCESSOR_DEFINITIONS = (
					"DEBUG=1",
					"$(inherited)",
				);
				GCC_WARN_64_TO_32_BIT_CONVERSION = YES;
				GCC_WARN_ABOUT_RETURN_TYPE = YES_ERROR;
				GCC_WARN_UNDECLARED_SELECTOR = YES;
				GCC_WARN_UNINITIALIZED_AUTOS = YES_AGGRESSIVE;
				GCC_WARN_UNUSED_FUNCTION = YES;
				GCC_WARN_UNUSED_VARIABLE = YES;
				IPHONEOS_DEPLOYMENT_TARGET = 13.4;
				MTL_ENABLE_DEBUG_INFO = INCLUDE_SOURCE;
				MTL_FAST_MATH = YES;
				ONLY_ACTIVE_ARCH = YES;
				SDKROOT = iphoneos;
				SWIFT_ACTIVE_COMPILATION_CONDITIONS = DEBUG;
				SWIFT_OPTIMIZATION_LEVEL = "-Onone";
			};
			name = Debug;
		};
		2779D54A245843CB00B59A2D /* Release */ = {
			isa = XCBuildConfiguration;
			buildSettings = {
				ALWAYS_SEARCH_USER_PATHS = NO;
				CLANG_ANALYZER_NONNULL = YES;
				CLANG_ANALYZER_NUMBER_OBJECT_CONVERSION = YES_AGGRESSIVE;
				CLANG_CXX_LANGUAGE_STANDARD = "gnu++14";
				CLANG_CXX_LIBRARY = "libc++";
				CLANG_ENABLE_MODULES = YES;
				CLANG_ENABLE_OBJC_ARC = YES;
				CLANG_ENABLE_OBJC_WEAK = YES;
				CLANG_WARN_BLOCK_CAPTURE_AUTORELEASING = YES;
				CLANG_WARN_BOOL_CONVERSION = YES;
				CLANG_WARN_COMMA = YES;
				CLANG_WARN_CONSTANT_CONVERSION = YES;
				CLANG_WARN_DEPRECATED_OBJC_IMPLEMENTATIONS = YES;
				CLANG_WARN_DIRECT_OBJC_ISA_USAGE = YES_ERROR;
				CLANG_WARN_DOCUMENTATION_COMMENTS = YES;
				CLANG_WARN_EMPTY_BODY = YES;
				CLANG_WARN_ENUM_CONVERSION = YES;
				CLANG_WARN_INFINITE_RECURSION = YES;
				CLANG_WARN_INT_CONVERSION = YES;
				CLANG_WARN_NON_LITERAL_NULL_CONVERSION = YES;
				CLANG_WARN_OBJC_IMPLICIT_RETAIN_SELF = YES;
				CLANG_WARN_OBJC_LITERAL_CONVERSION = YES;
				CLANG_WARN_OBJC_ROOT_CLASS = YES_ERROR;
				CLANG_WARN_RANGE_LOOP_ANALYSIS = YES;
				CLANG_WARN_STRICT_PROTOTYPES = YES;
				CLANG_WARN_SUSPICIOUS_MOVE = YES;
				CLANG_WARN_UNGUARDED_AVAILABILITY = YES_AGGRESSIVE;
				CLANG_WARN_UNREACHABLE_CODE = YES;
				CLANG_WARN__DUPLICATE_METHOD_MATCH = YES;
				COPY_PHASE_STRIP = NO;
				DEBUG_INFORMATION_FORMAT = "dwarf-with-dsym";
				ENABLE_NS_ASSERTIONS = NO;
				ENABLE_STRICT_OBJC_MSGSEND = YES;
				GCC_C_LANGUAGE_STANDARD = gnu11;
				GCC_NO_COMMON_BLOCKS = YES;
				GCC_WARN_64_TO_32_BIT_CONVERSION = YES;
				GCC_WARN_ABOUT_RETURN_TYPE = YES_ERROR;
				GCC_WARN_UNDECLARED_SELECTOR = YES;
				GCC_WARN_UNINITIALIZED_AUTOS = YES_AGGRESSIVE;
				GCC_WARN_UNUSED_FUNCTION = YES;
				GCC_WARN_UNUSED_VARIABLE = YES;
				IPHONEOS_DEPLOYMENT_TARGET = 13.4;
				MTL_ENABLE_DEBUG_INFO = NO;
				MTL_FAST_MATH = YES;
				SDKROOT = iphoneos;
				SWIFT_COMPILATION_MODE = wholemodule;
				SWIFT_OPTIMIZATION_LEVEL = "-O";
				VALIDATE_PRODUCT = YES;
			};
			name = Release;
		};
		2779D54C245843CB00B59A2D /* Debug */ = {
			isa = XCBuildConfiguration;
			buildSettings = {
				ASSETCATALOG_COMPILER_APPICON_NAME = AppIcon;
				CODE_SIGN_STYLE = Automatic;
				DEVELOPMENT_TEAM = KJ775HL522;
				INFOPLIST_FILE = Project29/Info.plist;
				LD_RUNPATH_SEARCH_PATHS = (
					"$(inherited)",
					"@executable_path/Frameworks",
				);
				PRODUCT_BUNDLE_IDENTIFIER = com.raccoon.Project29;
				PRODUCT_NAME = "$(TARGET_NAME)";
				SWIFT_VERSION = 5.0;
				TARGETED_DEVICE_FAMILY = 2;
			};
			name = Debug;
		};
		2779D54D245843CB00B59A2D /* Release */ = {
			isa = XCBuildConfiguration;
			buildSettings = {
				ASSETCATALOG_COMPILER_APPICON_NAME = AppIcon;
				CODE_SIGN_STYLE = Automatic;
				DEVELOPMENT_TEAM = KJ775HL522;
				INFOPLIST_FILE = Project29/Info.plist;
				LD_RUNPATH_SEARCH_PATHS = (
					"$(inherited)",
					"@executable_path/Frameworks",
				);
				PRODUCT_BUNDLE_IDENTIFIER = com.raccoon.Project29;
				PRODUCT_NAME = "$(TARGET_NAME)";
				SWIFT_VERSION = 5.0;
				TARGETED_DEVICE_FAMILY = 2;
			};
			name = Release;
		};
/* End XCBuildConfiguration section */

/* Begin XCConfigurationList section */
		2779D52E245843C600B59A2D /* Build configuration list for PBXProject "Project29" */ = {
			isa = XCConfigurationList;
			buildConfigurations = (
				2779D549245843CB00B59A2D /* Debug */,
				2779D54A245843CB00B59A2D /* Release */,
			);
			defaultConfigurationIsVisible = 0;
			defaultConfigurationName = Release;
		};
		2779D54B245843CB00B59A2D /* Build configuration list for PBXNativeTarget "Project29" */ = {
			isa = XCConfigurationList;
			buildConfigurations = (
				2779D54C245843CB00B59A2D /* Debug */,
				2779D54D245843CB00B59A2D /* Release */,
			);
			defaultConfigurationIsVisible = 0;
			defaultConfigurationName = Release;
		};
/* End XCConfigurationList section */
	};
	rootObject = 2779D52B245843C600B59A2D /* Project object */;
}
