// !$*UTF8*$!
{
	archiveVersion = 1;
	classes = {
	};
	objectVersion = 50;
	objects = {

/* Begin PBXBuildFile section */
		270BCFF224485C83003CAF7A /* UserScript.swift in Sources */ = {isa = PBXBuildFile; fileRef = 270BCFF124485C83003CAF7A /* UserScript.swift */; };
		270BCFF42449E484003CAF7A /* TableViewController.swift in Sources */ = {isa = PBXBuildFile; fileRef = 270BCFF32449E484003CAF7A /* TableViewController.swift */; };
		2716392A244205B300FD5EF8 /* README.md in Resources */ = {isa = PBXBuildFile; fileRef = 27163929244205B300FD5EF8 /* README.md */; };
		278E74BC23709DE90017A6C2 /* Action.js in Resources */ = {isa = PBXBuildFile; fileRef = 278E74BB23709DE90017A6C2 /* Action.js */; };
		27D1B4D923707295006D442A /* AppDelegate.swift in Sources */ = {isa = PBXBuildFile; fileRef = 27D1B4D823707295006D442A /* AppDelegate.swift */; };
		27D1B4DB23707295006D442A /* SceneDelegate.swift in Sources */ = {isa = PBXBuildFile; fileRef = 27D1B4DA23707295006D442A /* SceneDelegate.swift */; };
		27D1B4DD23707295006D442A /* ViewController.swift in Sources */ = {isa = PBXBuildFile; fileRef = 27D1B4DC23707295006D442A /* ViewController.swift */; };
		27D1B4E023707295006D442A /* Main.storyboard in Resources */ = {isa = PBXBuildFile; fileRef = 27D1B4DE23707295006D442A /* Main.storyboard */; };
		27D1B4E22370729C006D442A /* Assets.xcassets in Resources */ = {isa = PBXBuildFile; fileRef = 27D1B4E12370729C006D442A /* Assets.xcassets */; };
		27D1B4E52370729D006D442A /* LaunchScreen.storyboard in Resources */ = {isa = PBXBuildFile; fileRef = 27D1B4E32370729D006D442A /* LaunchScreen.storyboard */; };
		27D1B4F32370742C006D442A /* Media.xcassets in Resources */ = {isa = PBXBuildFile; fileRef = 27D1B4F22370742C006D442A /* Media.xcassets */; };
		27D1B4F52370742C006D442A /* ActionViewController.swift in Sources */ = {isa = PBXBuildFile; fileRef = 27D1B4F42370742C006D442A /* ActionViewController.swift */; };
		27D1B4F82370742C006D442A /* MainInterface.storyboard in Resources */ = {isa = PBXBuildFile; fileRef = 27D1B4F62370742C006D442A /* MainInterface.storyboard */; };
		27D1B4FC2370742C006D442A /* Extension.appex in Embed App Extensions */ = {isa = PBXBuildFile; fileRef = 27D1B4F02370742C006D442A /* Extension.appex */; settings = {ATTRIBUTES = (RemoveHeadersOnCopy, ); }; };
/* End PBXBuildFile section */

/* Begin PBXContainerItemProxy section */
		27D1B4FA2370742C006D442A /* PBXContainerItemProxy */ = {
			isa = PBXContainerItemProxy;
			containerPortal = 27D1B4CD23707295006D442A /* Project object */;
			proxyType = 1;
			remoteGlobalIDString = 27D1B4EF2370742C006D442A;
			remoteInfo = Extension;
		};
/* End PBXContainerItemProxy section */

/* Begin PBXCopyFilesBuildPhase section */
		27D1B5002370742C006D442A /* Embed App Extensions */ = {
			isa = PBXCopyFilesBuildPhase;
			buildActionMask = 2147483647;
			dstPath = "";
			dstSubfolderSpec = 13;
			files = (
				27D1B4FC2370742C006D442A /* Extension.appex in Embed App Extensions */,
			);
			name = "Embed App Extensions";
			runOnlyForDeploymentPostprocessing = 0;
		};
/* End PBXCopyFilesBuildPhase section */

/* Begin PBXFileReference section */
		270BCFF124485C83003CAF7A /* UserScript.swift */ = {isa = PBXFileReference; lastKnownFileType = sourcecode.swift; path = UserScript.swift; sourceTree = "<group>"; };
		270BCFF32449E484003CAF7A /* TableViewController.swift */ = {isa = PBXFileReference; lastKnownFileType = sourcecode.swift; path = TableViewController.swift; sourceTree = "<group>"; };
		2712BF142371BD1100777701 /* Extension.entitlements */ = {isa = PBXFileReference; lastKnownFileType = text.plist.entitlements; path = Extension.entitlements; sourceTree = "<group>"; };
		27163929244205B300FD5EF8 /* README.md */ = {isa = PBXFileReference; lastKnownFileType = net.daringfireball.markdown; path = README.md; sourceTree = "<group>"; };
		278E74BB23709DE90017A6C2 /* Action.js */ = {isa = PBXFileReference; lastKnownFileType = sourcecode.javascript; path = Action.js; sourceTree = "<group>"; };
		27D1B4D523707295006D442A /* Project19.app */ = {isa = PBXFileReference; explicitFileType = wrapper.application; includeInIndex = 0; path = Project19.app; sourceTree = BUILT_PRODUCTS_DIR; };
		27D1B4D823707295006D442A /* AppDelegate.swift */ = {isa = PBXFileReference; lastKnownFileType = sourcecode.swift; path = AppDelegate.swift; sourceTree = "<group>"; };
		27D1B4DA23707295006D442A /* SceneDelegate.swift */ = {isa = PBXFileReference; lastKnownFileType = sourcecode.swift; path = SceneDelegate.swift; sourceTree = "<group>"; };
		27D1B4DC23707295006D442A /* ViewController.swift */ = {isa = PBXFileReference; lastKnownFileType = sourcecode.swift; path = ViewController.swift; sourceTree = "<group>"; };
		27D1B4DF23707295006D442A /* Base */ = {isa = PBXFileReference; lastKnownFileType = file.storyboard; name = Base; path = Base.lproj/Main.storyboard; sourceTree = "<group>"; };
		27D1B4E12370729C006D442A /* Assets.xcassets */ = {isa = PBXFileReference; lastKnownFileType = folder.assetcatalog; path = Assets.xcassets; sourceTree = "<group>"; };
		27D1B4E42370729D006D442A /* Base */ = {isa = PBXFileReference; lastKnownFileType = file.storyboard; name = Base; path = Base.lproj/LaunchScreen.storyboard; sourceTree = "<group>"; };
		27D1B4E62370729D006D442A /* Info.plist */ = {isa = PBXFileReference; lastKnownFileType = text.plist.xml; path = Info.plist; sourceTree = "<group>"; };
		27D1B4F02370742C006D442A /* Extension.appex */ = {isa = PBXFileReference; explicitFileType = "wrapper.app-extension"; includeInIndex = 0; path = Extension.appex; sourceTree = BUILT_PRODUCTS_DIR; };
		27D1B4F22370742C006D442A /* Media.xcassets */ = {isa = PBXFileReference; lastKnownFileType = folder.assetcatalog; path = Media.xcassets; sourceTree = "<group>"; };
		27D1B4F42370742C006D442A /* ActionViewController.swift */ = {isa = PBXFileReference; lastKnownFileType = sourcecode.swift; path = ActionViewController.swift; sourceTree = "<group>"; };
		27D1B4F72370742C006D442A /* Base */ = {isa = PBXFileReference; lastKnownFileType = file.storyboard; name = Base; path = Base.lproj/MainInterface.storyboard; sourceTree = "<group>"; };
		27D1B4F92370742C006D442A /* Info.plist */ = {isa = PBXFileReference; lastKnownFileType = text.plist.xml; path = Info.plist; sourceTree = "<group>"; };
/* End PBXFileReference section */

/* Begin PBXFrameworksBuildPhase section */
		27D1B4D223707295006D442A /* Frameworks */ = {
			isa = PBXFrameworksBuildPhase;
			buildActionMask = 2147483647;
			files = (
			);
			runOnlyForDeploymentPostprocessing = 0;
		};
		27D1B4ED2370742C006D442A /* Frameworks */ = {
			isa = PBXFrameworksBuildPhase;
			buildActionMask = 2147483647;
			files = (
			);
			runOnlyForDeploymentPostprocessing = 0;
		};
/* End PBXFrameworksBuildPhase section */

/* Begin PBXGroup section */
		27D1B4CC23707295006D442A = {
			isa = PBXGroup;
			children = (
				27163929244205B300FD5EF8 /* README.md */,
				27D1B4D723707295006D442A /* Project19 */,
				27D1B4F12370742C006D442A /* Extension */,
				27D1B4D623707295006D442A /* Products */,
			);
			sourceTree = "<group>";
		};
		27D1B4D623707295006D442A /* Products */ = {
			isa = PBXGroup;
			children = (
				27D1B4D523707295006D442A /* Project19.app */,
				27D1B4F02370742C006D442A /* Extension.appex */,
			);
			name = Products;
			sourceTree = "<group>";
		};
		27D1B4D723707295006D442A /* Project19 */ = {
			isa = PBXGroup;
			children = (
				27D1B4D823707295006D442A /* AppDelegate.swift */,
				27D1B4DA23707295006D442A /* SceneDelegate.swift */,
				27D1B4DC23707295006D442A /* ViewController.swift */,
				27D1B4DE23707295006D442A /* Main.storyboard */,
				27D1B4E12370729C006D442A /* Assets.xcassets */,
				27D1B4E32370729D006D442A /* LaunchScreen.storyboard */,
				27D1B4E62370729D006D442A /* Info.plist */,
			);
			path = Project19;
			sourceTree = "<group>";
		};
		27D1B4F12370742C006D442A /* Extension */ = {
			isa = PBXGroup;
			children = (
				2712BF142371BD1100777701 /* Extension.entitlements */,
				27D1B4F22370742C006D442A /* Media.xcassets */,
				27D1B4F42370742C006D442A /* ActionViewController.swift */,
				270BCFF32449E484003CAF7A /* TableViewController.swift */,
				270BCFF124485C83003CAF7A /* UserScript.swift */,
				27D1B4F62370742C006D442A /* MainInterface.storyboard */,
				27D1B4F92370742C006D442A /* Info.plist */,
				278E74BB23709DE90017A6C2 /* Action.js */,
			);
			path = Extension;
			sourceTree = "<group>";
		};
/* End PBXGroup section */

/* Begin PBXNativeTarget section */
		27D1B4D423707295006D442A /* Project19 */ = {
			isa = PBXNativeTarget;
			buildConfigurationList = 27D1B4E92370729D006D442A /* Build configuration list for PBXNativeTarget "Project19" */;
			buildPhases = (
				27D1B4D123707295006D442A /* Sources */,
				27D1B4D223707295006D442A /* Frameworks */,
				27D1B4D323707295006D442A /* Resources */,
				27D1B5002370742C006D442A /* Embed App Extensions */,
			);
			buildRules = (
			);
			dependencies = (
				27D1B4FB2370742C006D442A /* PBXTargetDependency */,
			);
			name = Project19;
			productName = "Project19 - JavaScript Injection";
			productReference = 27D1B4D523707295006D442A /* Project19.app */;
			productType = "com.apple.product-type.application";
		};
		27D1B4EF2370742C006D442A /* Extension */ = {
			isa = PBXNativeTarget;
			buildConfigurationList = 27D1B4FD2370742C006D442A /* Build configuration list for PBXNativeTarget "Extension" */;
			buildPhases = (
				27D1B4EC2370742C006D442A /* Sources */,
				27D1B4ED2370742C006D442A /* Frameworks */,
				27D1B4EE2370742C006D442A /* Resources */,
			);
			buildRules = (
			);
			dependencies = (
			);
			name = Extension;
			productName = Extension;
			productReference = 27D1B4F02370742C006D442A /* Extension.appex */;
			productType = "com.apple.product-type.app-extension";
		};
/* End PBXNativeTarget section */

/* Begin PBXProject section */
		27D1B4CD23707295006D442A /* Project object */ = {
			isa = PBXProject;
			attributes = {
				LastSwiftUpdateCheck = 1120;
				LastUpgradeCheck = 1120;
				ORGANIZATIONNAME = Mike;
				TargetAttributes = {
					27D1B4D423707295006D442A = {
						CreatedOnToolsVersion = 11.2;
					};
					27D1B4EF2370742C006D442A = {
						CreatedOnToolsVersion = 11.2;
					};
				};
			};
			buildConfigurationList = 27D1B4D023707295006D442A /* Build configuration list for PBXProject "Project19" */;
			compatibilityVersion = "Xcode 9.3";
			developmentRegion = en;
			hasScannedForEncodings = 0;
			knownRegions = (
				en,
				Base,
			);
			mainGroup = 27D1B4CC23707295006D442A;
			productRefGroup = 27D1B4D623707295006D442A /* Products */;
			projectDirPath = "";
			projectRoot = "";
			targets = (
				27D1B4D423707295006D442A /* Project19 */,
				27D1B4EF2370742C006D442A /* Extension */,
			);
		};
/* End PBXProject section */

/* Begin PBXResourcesBuildPhase section */
		27D1B4D323707295006D442A /* Resources */ = {
			isa = PBXResourcesBuildPhase;
			buildActionMask = 2147483647;
			files = (
				27D1B4E52370729D006D442A /* LaunchScreen.storyboard in Resources */,
				27D1B4E22370729C006D442A /* Assets.xcassets in Resources */,
				2716392A244205B300FD5EF8 /* README.md in Resources */,
				27D1B4E023707295006D442A /* Main.storyboard in Resources */,
			);
			runOnlyForDeploymentPostprocessing = 0;
		};
		27D1B4EE2370742C006D442A /* Resources */ = {
			isa = PBXResourcesBuildPhase;
			buildActionMask = 2147483647;
			files = (
				278E74BC23709DE90017A6C2 /* Action.js in Resources */,
				27D1B4F32370742C006D442A /* Media.xcassets in Resources */,
				27D1B4F82370742C006D442A /* MainInterface.storyboard in Resources */,
			);
			runOnlyForDeploymentPostprocessing = 0;
		};
/* End PBXResourcesBuildPhase section */

/* Begin PBXSourcesBuildPhase section */
		27D1B4D123707295006D442A /* Sources */ = {
			isa = PBXSourcesBuildPhase;
			buildActionMask = 2147483647;
			files = (
				27D1B4DD23707295006D442A /* ViewController.swift in Sources */,
				27D1B4D923707295006D442A /* AppDelegate.swift in Sources */,
				27D1B4DB23707295006D442A /* SceneDelegate.swift in Sources */,
			);
			runOnlyForDeploymentPostprocessing = 0;
		};
		27D1B4EC2370742C006D442A /* Sources */ = {
			isa = PBXSourcesBuildPhase;
			buildActionMask = 2147483647;
			files = (
				27D1B4F52370742C006D442A /* ActionViewController.swift in Sources */,
				270BCFF42449E484003CAF7A /* TableViewController.swift in Sources */,
				270BCFF224485C83003CAF7A /* UserScript.swift in Sources */,
			);
			runOnlyForDeploymentPostprocessing = 0;
		};
/* End PBXSourcesBuildPhase section */

/* Begin PBXTargetDependency section */
		27D1B4FB2370742C006D442A /* PBXTargetDependency */ = {
			isa = PBXTargetDependency;
			target = 27D1B4EF2370742C006D442A /* Extension */;
			targetProxy = 27D1B4FA2370742C006D442A /* PBXContainerItemProxy */;
		};
/* End PBXTargetDependency section */

/* Begin PBXVariantGroup section */
		27D1B4DE23707295006D442A /* Main.storyboard */ = {
			isa = PBXVariantGroup;
			children = (
				27D1B4DF23707295006D442A /* Base */,
			);
			name = Main.storyboard;
			sourceTree = "<group>";
		};
		27D1B4E32370729D006D442A /* LaunchScreen.storyboard */ = {
			isa = PBXVariantGroup;
			children = (
				27D1B4E42370729D006D442A /* Base */,
			);
			name = LaunchScreen.storyboard;
			sourceTree = "<group>";
		};
		27D1B4F62370742C006D442A /* MainInterface.storyboard */ = {
			isa = PBXVariantGroup;
			children = (
				27D1B4F72370742C006D442A /* Base */,
			);
			name = MainInterface.storyboard;
			sourceTree = "<group>";
		};
/* End PBXVariantGroup section */

/* Begin XCBuildConfiguration section */
		27D1B4E72370729D006D442A /* Debug */ = {
			isa = XCBuildConfiguration;
			buildSettings = {
				ALWAYS_SEARCH_USER_PATHS = NO;
				CLANG_ANALYZER_NONNULL = YES;
				CLANG_ANALYZER_NUMBER_OBJECT_CONVERSION = YES_AGGRESSIVE;
				CLANG_CXX_LANGUAGE_STANDARD = "gnu++14";
				CLANG_CXX_LIBRARY = "libc++";
				CLANG_ENABLE_MODULES = YES;
				CLANG_ENABLE_OBJC_ARC = YES;
				CLANG_ENABLE_OBJC_WEAK = YES;
				CLANG_WARN_BLOCK_CAPTURE_AUTORELEASING = YES;
				CLANG_WARN_BOOL_CONVERSION = YES;
				CLANG_WARN_COMMA = YES;
				CLANG_WARN_CONSTANT_CONVERSION = YES;
				CLANG_WARN_DEPRECATED_OBJC_IMPLEMENTATIONS = YES;
				CLANG_WARN_DIRECT_OBJC_ISA_USAGE = YES_ERROR;
				CLANG_WARN_DOCUMENTATION_COMMENTS = YES;
				CLANG_WARN_EMPTY_BODY = YES;
				CLANG_WARN_ENUM_CONVERSION = YES;
				CLANG_WARN_INFINITE_RECURSION = YES;
				CLANG_WARN_INT_CONVERSION = YES;
				CLANG_WARN_NON_LITERAL_NULL_CONVERSION = YES;
				CLANG_WARN_OBJC_IMPLICIT_RETAIN_SELF = YES;
				CLANG_WARN_OBJC_LITERAL_CONVERSION = YES;
				CLANG_WARN_OBJC_ROOT_CLASS = YES_ERROR;
				CLANG_WARN_RANGE_LOOP_ANALYSIS = YES;
				CLANG_WARN_STRICT_PROTOTYPES = YES;
				CLANG_WARN_SUSPICIOUS_MOVE = YES;
				CLANG_WARN_UNGUARDED_AVAILABILITY = YES_AGGRESSIVE;
				CLANG_WARN_UNREACHABLE_CODE = YES;
				CLANG_WARN__DUPLICATE_METHOD_MATCH = YES;
				COPY_PHASE_STRIP = NO;
				DEBUG_INFORMATION_FORMAT = dwarf;
				ENABLE_STRICT_OBJC_MSGSEND = YES;
				ENABLE_TESTABILITY = YES;
				GCC_C_LANGUAGE_STANDARD = gnu11;
				GCC_DYNAMIC_NO_PIC = NO;
				GCC_NO_COMMON_BLOCKS = YES;
				GCC_OPTIMIZATION_LEVEL = 0;
				GCC_PREPROCESSOR_DEFINITIONS = (
					"DEBUG=1",
					"$(inherited)",
				);
				GCC_WARN_64_TO_32_BIT_CONVERSION = YES;
				GCC_WARN_ABOUT_RETURN_TYPE = YES_ERROR;
				GCC_WARN_UNDECLARED_SELECTOR = YES;
				GCC_WARN_UNINITIALIZED_AUTOS = YES_AGGRESSIVE;
				GCC_WARN_UNUSED_FUNCTION = YES;
				GCC_WARN_UNUSED_VARIABLE = YES;
				IPHONEOS_DEPLOYMENT_TARGET = 13.2;
				MTL_ENABLE_DEBUG_INFO = INCLUDE_SOURCE;
				MTL_FAST_MATH = YES;
				ONLY_ACTIVE_ARCH = YES;
				SDKROOT = iphoneos;
				SWIFT_ACTIVE_COMPILATION_CONDITIONS = DEBUG;
				SWIFT_OPTIMIZATION_LEVEL = "-Onone";
			};
			name = Debug;
		};
		27D1B4E82370729D006D442A /* Release */ = {
			isa = XCBuildConfiguration;
			buildSettings = {
				ALWAYS_SEARCH_USER_PATHS = NO;
				CLANG_ANALYZER_NONNULL = YES;
				CLANG_ANALYZER_NUMBER_OBJECT_CONVERSION = YES_AGGRESSIVE;
				CLANG_CXX_LANGUAGE_STANDARD = "gnu++14";
				CLANG_CXX_LIBRARY = "libc++";
				CLANG_ENABLE_MODULES = YES;
				CLANG_ENABLE_OBJC_ARC = YES;
				CLANG_ENABLE_OBJC_WEAK = YES;
				CLANG_WARN_BLOCK_CAPTURE_AUTORELEASING = YES;
				CLANG_WARN_BOOL_CONVERSION = YES;
				CLANG_WARN_COMMA = YES;
				CLANG_WARN_CONSTANT_CONVERSION = YES;
				CLANG_WARN_DEPRECATED_OBJC_IMPLEMENTATIONS = YES;
				CLANG_WARN_DIRECT_OBJC_ISA_USAGE = YES_ERROR;
				CLANG_WARN_DOCUMENTATION_COMMENTS = YES;
				CLANG_WARN_EMPTY_BODY = YES;
				CLANG_WARN_ENUM_CONVERSION = YES;
				CLANG_WARN_INFINITE_RECURSION = YES;
				CLANG_WARN_INT_CONVERSION = YES;
				CLANG_WARN_NON_LITERAL_NULL_CONVERSION = YES;
				CLANG_WARN_OBJC_IMPLICIT_RETAIN_SELF = YES;
				CLANG_WARN_OBJC_LITERAL_CONVERSION = YES;
				CLANG_WARN_OBJC_ROOT_CLASS = YES_ERROR;
				CLANG_WARN_RANGE_LOOP_ANALYSIS = YES;
				CLANG_WARN_STRICT_PROTOTYPES = YES;
				CLANG_WARN_SUSPICIOUS_MOVE = YES;
				CLANG_WARN_UNGUARDED_AVAILABILITY = YES_AGGRESSIVE;
				CLANG_WARN_UNREACHABLE_CODE = YES;
				CLANG_WARN__DUPLICATE_METHOD_MATCH = YES;
				COPY_PHASE_STRIP = NO;
				DEBUG_INFORMATION_FORMAT = "dwarf-with-dsym";
				ENABLE_NS_ASSERTIONS = NO;
				ENABLE_STRICT_OBJC_MSGSEND = YES;
				GCC_C_LANGUAGE_STANDARD = gnu11;
				GCC_NO_COMMON_BLOCKS = YES;
				GCC_WARN_64_TO_32_BIT_CONVERSION = YES;
				GCC_WARN_ABOUT_RETURN_TYPE = YES_ERROR;
				GCC_WARN_UNDECLARED_SELECTOR = YES;
				GCC_WARN_UNINITIALIZED_AUTOS = YES_AGGRESSIVE;
				GCC_WARN_UNUSED_FUNCTION = YES;
				GCC_WARN_UNUSED_VARIABLE = YES;
				IPHONEOS_DEPLOYMENT_TARGET = 13.2;
				MTL_ENABLE_DEBUG_INFO = NO;
				MTL_FAST_MATH = YES;
				SDKROOT = iphoneos;
				SWIFT_COMPILATION_MODE = wholemodule;
				SWIFT_OPTIMIZATION_LEVEL = "-O";
				VALIDATE_PRODUCT = YES;
			};
			name = Release;
		};
		27D1B4EA2370729D006D442A /* Debug */ = {
			isa = XCBuildConfiguration;
			buildSettings = {
				ALWAYS_EMBED_SWIFT_STANDARD_LIBRARIES = YES;
				ASSETCATALOG_COMPILER_APPICON_NAME = AppIcon;
				CODE_SIGN_STYLE = Automatic;
				DEVELOPMENT_TEAM = KJ775HL522;
				INFOPLIST_FILE = Project19/Info.plist;
				LD_RUNPATH_SEARCH_PATHS = (
					"$(inherited)",
					"@executable_path/Frameworks",
				);
				PRODUCT_BUNDLE_IDENTIFIER = com.raccoon.Project19;
				PRODUCT_NAME = "$(TARGET_NAME)";
				SWIFT_VERSION = 5.0;
				TARGETED_DEVICE_FAMILY = "1,2";
			};
			name = Debug;
		};
		27D1B4EB2370729D006D442A /* Release */ = {
			isa = XCBuildConfiguration;
			buildSettings = {
				ALWAYS_EMBED_SWIFT_STANDARD_LIBRARIES = YES;
				ASSETCATALOG_COMPILER_APPICON_NAME = AppIcon;
				CODE_SIGN_STYLE = Automatic;
				DEVELOPMENT_TEAM = KJ775HL522;
				INFOPLIST_FILE = Project19/Info.plist;
				LD_RUNPATH_SEARCH_PATHS = (
					"$(inherited)",
					"@executable_path/Frameworks",
				);
				PRODUCT_BUNDLE_IDENTIFIER = com.raccoon.Project19;
				PRODUCT_NAME = "$(TARGET_NAME)";
				SWIFT_VERSION = 5.0;
				TARGETED_DEVICE_FAMILY = "1,2";
			};
			name = Release;
		};
		27D1B4FE2370742C006D442A /* Debug */ = {
			isa = XCBuildConfiguration;
			buildSettings = {
				CODE_SIGN_ENTITLEMENTS = Extension/Extension.entitlements;
				CODE_SIGN_STYLE = Automatic;
				DEVELOPMENT_TEAM = KJ775HL522;
				INFOPLIST_FILE = Extension/Info.plist;
				LD_RUNPATH_SEARCH_PATHS = (
					"$(inherited)",
					"@executable_path/Frameworks",
					"@executable_path/../../Frameworks",
				);
				PRODUCT_BUNDLE_IDENTIFIER = com.raccoon.Project19.Extension;
				PRODUCT_NAME = "$(TARGET_NAME)";
				SKIP_INSTALL = YES;
				SWIFT_VERSION = 5.0;
				TARGETED_DEVICE_FAMILY = "1,2";
			};
			name = Debug;
		};
		27D1B4FF2370742C006D442A /* Release */ = {
			isa = XCBuildConfiguration;
			buildSettings = {
				CODE_SIGN_ENTITLEMENTS = Extension/Extension.entitlements;
				CODE_SIGN_STYLE = Automatic;
				DEVELOPMENT_TEAM = KJ775HL522;
				INFOPLIST_FILE = Extension/Info.plist;
				LD_RUNPATH_SEARCH_PATHS = (
					"$(inherited)",
					"@executable_path/Frameworks",
					"@executable_path/../../Frameworks",
				);
				PRODUCT_BUNDLE_IDENTIFIER = com.raccoon.Project19.Extension;
				PRODUCT_NAME = "$(TARGET_NAME)";
				SKIP_INSTALL = YES;
				SWIFT_VERSION = 5.0;
				TARGETED_DEVICE_FAMILY = "1,2";
			};
			name = Release;
		};
/* End XCBuildConfiguration section */

/* Begin XCConfigurationList section */
		27D1B4D023707295006D442A /* Build configuration list for PBXProject "Project19" */ = {
			isa = XCConfigurationList;
			buildConfigurations = (
				27D1B4E72370729D006D442A /* Debug */,
				27D1B4E82370729D006D442A /* Release */,
			);
			defaultConfigurationIsVisible = 0;
			defaultConfigurationName = Release;
		};
		27D1B4E92370729D006D442A /* Build configuration list for PBXNativeTarget "Project19" */ = {
			isa = XCConfigurationList;
			buildConfigurations = (
				27D1B4EA2370729D006D442A /* Debug */,
				27D1B4EB2370729D006D442A /* Release */,
			);
			defaultConfigurationIsVisible = 0;
			defaultConfigurationName = Release;
		};
		27D1B4FD2370742C006D442A /* Build configuration list for PBXNativeTarget "Extension" */ = {
			isa = XCConfigurationList;
			buildConfigurations = (
				27D1B4FE2370742C006D442A /* Debug */,
				27D1B4FF2370742C006D442A /* Release */,
			);
			defaultConfigurationIsVisible = 0;
			defaultConfigurationName = Release;
		};
/* End XCConfigurationList section */
	};
	rootObject = 27D1B4CD23707295006D442A /* Project object */;
}
