// !$*UTF8*$!
{
	archiveVersion = 1;
	classes = {
	};
	objectVersion = 50;
	objects = {

/* Begin PBXBuildFile section */
		27A7DD48244B61D600D6832C /* AppDelegate.swift in Sources */ = {isa = PBXBuildFile; fileRef = 27A7DD47244B61D600D6832C /* AppDelegate.swift */; };
		27A7DD4A244B61D600D6832C /* GameScene.sks in Resources */ = {isa = PBXBuildFile; fileRef = 27A7DD49244B61D600D6832C /* GameScene.sks */; };
		27A7DD4E244B61D600D6832C /* GameScene.swift in Sources */ = {isa = PBXBuildFile; fileRef = 27A7DD4D244B61D600D6832C /* GameScene.swift */; };
		27A7DD50244B61D600D6832C /* GameViewController.swift in Sources */ = {isa = PBXBuildFile; fileRef = 27A7DD4F244B61D600D6832C /* GameViewController.swift */; };
		27A7DD53244B61D600D6832C /* Main.storyboard in Resources */ = {isa = PBXBuildFile; fileRef = 27A7DD51244B61D600D6832C /* Main.storyboard */; };
		27A7DD55244B61DC00D6832C /* Assets.xcassets in Resources */ = {isa = PBXBuildFile; fileRef = 27A7DD54244B61DC00D6832C /* Assets.xcassets */; };
		27A7DD58244B61DC00D6832C /* LaunchScreen.storyboard in Resources */ = {isa = PBXBuildFile; fileRef = 27A7DD56244B61DC00D6832C /* LaunchScreen.storyboard */; };
		27A7DD60244B67DC00D6832C /* level1.txt in Resources */ = {isa = PBXBuildFile; fileRef = 27A7DD5F244B67DB00D6832C /* level1.txt */; };
		27A7DD62244B682600D6832C /* README.md in Resources */ = {isa = PBXBuildFile; fileRef = 27A7DD61244B682600D6832C /* README.md */; };
		27E72087244F060F00C9D85B /* level2.txt in Resources */ = {isa = PBXBuildFile; fileRef = 27E72086244F060F00C9D85B /* level2.txt */; };
		27F3D44B244F13B300397C37 /* level3.txt in Resources */ = {isa = PBXBuildFile; fileRef = 27F3D44A244F13B300397C37 /* level3.txt */; };
/* End PBXBuildFile section */

/* Begin PBXFileReference section */
		27A7DD44244B61D600D6832C /* Project26.app */ = {isa = PBXFileReference; explicitFileType = wrapper.application; includeInIndex = 0; path = Project26.app; sourceTree = BUILT_PRODUCTS_DIR; };
		27A7DD47244B61D600D6832C /* AppDelegate.swift */ = {isa = PBXFileReference; lastKnownFileType = sourcecode.swift; path = AppDelegate.swift; sourceTree = "<group>"; };
		27A7DD49244B61D600D6832C /* GameScene.sks */ = {isa = PBXFileReference; lastKnownFileType = file.sks; path = GameScene.sks; sourceTree = "<group>"; };
		27A7DD4D244B61D600D6832C /* GameScene.swift */ = {isa = PBXFileReference; lastKnownFileType = sourcecode.swift; path = GameScene.swift; sourceTree = "<group>"; };
		27A7DD4F244B61D600D6832C /* GameViewController.swift */ = {isa = PBXFileReference; lastKnownFileType = sourcecode.swift; path = GameViewController.swift; sourceTree = "<group>"; };
		27A7DD52244B61D600D6832C /* Base */ = {isa = PBXFileReference; lastKnownFileType = file.storyboard; name = Base; path = Base.lproj/Main.storyboard; sourceTree = "<group>"; };
		27A7DD54244B61DC00D6832C /* Assets.xcassets */ = {isa = PBXFileReference; lastKnownFileType = folder.assetcatalog; path = Assets.xcassets; sourceTree = "<group>"; };
		27A7DD57244B61DC00D6832C /* Base */ = {isa = PBXFileReference; lastKnownFileType = file.storyboard; name = Base; path = Base.lproj/LaunchScreen.storyboard; sourceTree = "<group>"; };
		27A7DD59244B61DC00D6832C /* Info.plist */ = {isa = PBXFileReference; lastKnownFileType = text.plist.xml; path = Info.plist; sourceTree = "<group>"; };
		27A7DD5F244B67DB00D6832C /* level1.txt */ = {isa = PBXFileReference; fileEncoding = 4; lastKnownFileType = text; path = level1.txt; sourceTree = "<group>"; };
		27A7DD61244B682600D6832C /* README.md */ = {isa = PBXFileReference; lastKnownFileType = net.daringfireball.markdown; path = README.md; sourceTree = "<group>"; };
		27E72086244F060F00C9D85B /* level2.txt */ = {isa = PBXFileReference; lastKnownFileType = text; path = level2.txt; sourceTree = "<group>"; };
		27F3D44A244F13B300397C37 /* level3.txt */ = {isa = PBXFileReference; lastKnownFileType = text; path = level3.txt; sourceTree = "<group>"; };
/* End PBXFileReference section */

/* Begin PBXFrameworksBuildPhase section */
		27A7DD41244B61D600D6832C /* Frameworks */ = {
			isa = PBXFrameworksBuildPhase;
			buildActionMask = 2147483647;
			files = (
			);
			runOnlyForDeploymentPostprocessing = 0;
		};
/* End PBXFrameworksBuildPhase section */

/* Begin PBXGroup section */
		27A7DD3B244B61D600D6832C = {
			isa = PBXGroup;
			children = (
				27A7DD61244B682600D6832C /* README.md */,
				27A7DD46244B61D600D6832C /* Project26 */,
				27A7DD45244B61D600D6832C /* Products */,
			);
			sourceTree = "<group>";
		};
		27A7DD45244B61D600D6832C /* Products */ = {
			isa = PBXGroup;
			children = (
				27A7DD44244B61D600D6832C /* Project26.app */,
			);
			name = Products;
			sourceTree = "<group>";
		};
		27A7DD46244B61D600D6832C /* Project26 */ = {
			isa = PBXGroup;
			children = (
				27A7DD47244B61D600D6832C /* AppDelegate.swift */,
				27A7DD49244B61D600D6832C /* GameScene.sks */,
				27A7DD4D244B61D600D6832C /* GameScene.swift */,
				27A7DD4F244B61D600D6832C /* GameViewController.swift */,
				27A7DD51244B61D600D6832C /* Main.storyboard */,
				27A7DD54244B61DC00D6832C /* Assets.xcassets */,
				27A7DD56244B61DC00D6832C /* LaunchScreen.storyboard */,
				27A7DD59244B61DC00D6832C /* Info.plist */,
				27F3D44A244F13B300397C37 /* level3.txt */,
				27A7DD5F244B67DB00D6832C /* level1.txt */,
				27E72086244F060F00C9D85B /* level2.txt */,
			);
			path = Project26;
			sourceTree = "<group>";
		};
/* End PBXGroup section */

/* Begin PBXNativeTarget section */
		27A7DD43244B61D600D6832C /* Project26 */ = {
			isa = PBXNativeTarget;
			buildConfigurationList = 27A7DD5C244B61DC00D6832C /* Build configuration list for PBXNativeTarget "Project26" */;
			buildPhases = (
				27A7DD40244B61D600D6832C /* Sources */,
				27A7DD41244B61D600D6832C /* Frameworks */,
				27A7DD42244B61D600D6832C /* Resources */,
			);
			buildRules = (
			);
			dependencies = (
			);
			name = Project26;
			productName = Project26;
			productReference = 27A7DD44244B61D600D6832C /* Project26.app */;
			productType = "com.apple.product-type.application";
		};
/* End PBXNativeTarget section */

/* Begin PBXProject section */
		27A7DD3C244B61D600D6832C /* Project object */ = {
			isa = PBXProject;
			attributes = {
				LastSwiftUpdateCheck = 1140;
				LastUpgradeCheck = 1140;
				ORGANIZATIONNAME = Mike;
				TargetAttributes = {
					27A7DD43244B61D600D6832C = {
						CreatedOnToolsVersion = 11.4;
					};
				};
			};
			buildConfigurationList = 27A7DD3F244B61D600D6832C /* Build configuration list for PBXProject "Project26" */;
			compatibilityVersion = "Xcode 9.3";
			developmentRegion = en;
			hasScannedForEncodings = 0;
			knownRegions = (
				en,
				Base,
			);
			mainGroup = 27A7DD3B244B61D600D6832C;
			productRefGroup = 27A7DD45244B61D600D6832C /* Products */;
			projectDirPath = "";
			projectRoot = "";
			targets = (
				27A7DD43244B61D600D6832C /* Project26 */,
			);
		};
/* End PBXProject section */

/* Begin PBXResourcesBuildPhase section */
		27A7DD42244B61D600D6832C /* Resources */ = {
			isa = PBXResourcesBuildPhase;
			buildActionMask = 2147483647;
			files = (
				27A7DD62244B682600D6832C /* README.md in Resources */,
				27E72087244F060F00C9D85B /* level2.txt in Resources */,
				27A7DD60244B67DC00D6832C /* level1.txt in Resources */,
				27F3D44B244F13B300397C37 /* level3.txt in Resources */,
				27A7DD53244B61D600D6832C /* Main.storyboard in Resources */,
				27A7DD4A244B61D600D6832C /* GameScene.sks in Resources */,
				27A7DD55244B61DC00D6832C /* Assets.xcassets in Resources */,
				27A7DD58244B61DC00D6832C /* LaunchScreen.storyboard in Resources */,
			);
			runOnlyForDeploymentPostprocessing = 0;
		};
/* End PBXResourcesBuildPhase section */

/* Begin PBXSourcesBuildPhase section */
		27A7DD40244B61D600D6832C /* Sources */ = {
			isa = PBXSourcesBuildPhase;
			buildActionMask = 2147483647;
			files = (
				27A7DD4E244B61D600D6832C /* GameScene.swift in Sources */,
				27A7DD50244B61D600D6832C /* GameViewController.swift in Sources */,
				27A7DD48244B61D600D6832C /* AppDelegate.swift in Sources */,
			);
			runOnlyForDeploymentPostprocessing = 0;
		};
/* End PBXSourcesBuildPhase section */

/* Begin PBXVariantGroup section */
		27A7DD51244B61D600D6832C /* Main.storyboard */ = {
			isa = PBXVariantGroup;
			children = (
				27A7DD52244B61D600D6832C /* Base */,
			);
			name = Main.storyboard;
			sourceTree = "<group>";
		};
		27A7DD56244B61DC00D6832C /* LaunchScreen.storyboard */ = {
			isa = PBXVariantGroup;
			children = (
				27A7DD57244B61DC00D6832C /* Base */,
			);
			name = LaunchScreen.storyboard;
			sourceTree = "<group>";
		};
/* End PBXVariantGroup section */

/* Begin XCBuildConfiguration section */
		27A7DD5A244B61DC00D6832C /* Debug */ = {
			isa = XCBuildConfiguration;
			buildSettings = {
				ALWAYS_SEARCH_USER_PATHS = NO;
				CLANG_ANALYZER_NONNULL = YES;
				CLANG_ANALYZER_NUMBER_OBJECT_CONVERSION = YES_AGGRESSIVE;
				CLANG_CXX_LANGUAGE_STANDARD = "gnu++14";
				CLANG_CXX_LIBRARY = "libc++";
				CLANG_ENABLE_MODULES = YES;
				CLANG_ENABLE_OBJC_ARC = YES;
				CLANG_ENABLE_OBJC_WEAK = YES;
				CLANG_WARN_BLOCK_CAPTURE_AUTORELEASING = YES;
				CLANG_WARN_BOOL_CONVERSION = YES;
				CLANG_WARN_COMMA = YES;
				CLANG_WARN_CONSTANT_CONVERSION = YES;
				CLANG_WARN_DEPRECATED_OBJC_IMPLEMENTATIONS = YES;
				CLANG_WARN_DIRECT_OBJC_ISA_USAGE = YES_ERROR;
				CLANG_WARN_DOCUMENTATION_COMMENTS = YES;
				CLANG_WARN_EMPTY_BODY = YES;
				CLANG_WARN_ENUM_CONVERSION = YES;
				CLANG_WARN_INFINITE_RECURSION = YES;
				CLANG_WARN_INT_CONVERSION = YES;
				CLANG_WARN_NON_LITERAL_NULL_CONVERSION = YES;
				CLANG_WARN_OBJC_IMPLICIT_RETAIN_SELF = YES;
				CLANG_WARN_OBJC_LITERAL_CONVERSION = YES;
				CLANG_WARN_OBJC_ROOT_CLASS = YES_ERROR;
				CLANG_WARN_RANGE_LOOP_ANALYSIS = YES;
				CLANG_WARN_STRICT_PROTOTYPES = YES;
				CLANG_WARN_SUSPICIOUS_MOVE = YES;
				CLANG_WARN_UNGUARDED_AVAILABILITY = YES_AGGRESSIVE;
				CLANG_WARN_UNREACHABLE_CODE = YES;
				CLANG_WARN__DUPLICATE_METHOD_MATCH = YES;
				COPY_PHASE_STRIP = NO;
				DEBUG_INFORMATION_FORMAT = dwarf;
				ENABLE_STRICT_OBJC_MSGSEND = YES;
				ENABLE_TESTABILITY = YES;
				GCC_C_LANGUAGE_STANDARD = gnu11;
				GCC_DYNAMIC_NO_PIC = NO;
				GCC_NO_COMMON_BLOCKS = YES;
				GCC_OPTIMIZATION_LEVEL = 0;
				GCC_PREPROCESSOR_DEFINITIONS = (
					"DEBUG=1",
					"$(inherited)",
				);
				GCC_WARN_64_TO_32_BIT_CONVERSION = YES;
				GCC_WARN_ABOUT_RETURN_TYPE = YES_ERROR;
				GCC_WARN_UNDECLARED_SELECTOR = YES;
				GCC_WARN_UNINITIALIZED_AUTOS = YES_AGGRESSIVE;
				GCC_WARN_UNUSED_FUNCTION = YES;
				GCC_WARN_UNUSED_VARIABLE = YES;
				IPHONEOS_DEPLOYMENT_TARGET = 13.4;
				MTL_ENABLE_DEBUG_INFO = INCLUDE_SOURCE;
				MTL_FAST_MATH = YES;
				ONLY_ACTIVE_ARCH = YES;
				SDKROOT = iphoneos;
				SWIFT_ACTIVE_COMPILATION_CONDITIONS = DEBUG;
				SWIFT_OPTIMIZATION_LEVEL = "-Onone";
			};
			name = Debug;
		};
		27A7DD5B244B61DC00D6832C /* Release */ = {
			isa = XCBuildConfiguration;
			buildSettings = {
				ALWAYS_SEARCH_USER_PATHS = NO;
				CLANG_ANALYZER_NONNULL = YES;
				CLANG_ANALYZER_NUMBER_OBJECT_CONVERSION = YES_AGGRESSIVE;
				CLANG_CXX_LANGUAGE_STANDARD = "gnu++14";
				CLANG_CXX_LIBRARY = "libc++";
				CLANG_ENABLE_MODULES = YES;
				CLANG_ENABLE_OBJC_ARC = YES;
				CLANG_ENABLE_OBJC_WEAK = YES;
				CLANG_WARN_BLOCK_CAPTURE_AUTORELEASING = YES;
				CLANG_WARN_BOOL_CONVERSION = YES;
				CLANG_WARN_COMMA = YES;
				CLANG_WARN_CONSTANT_CONVERSION = YES;
				CLANG_WARN_DEPRECATED_OBJC_IMPLEMENTATIONS = YES;
				CLANG_WARN_DIRECT_OBJC_ISA_USAGE = YES_ERROR;
				CLANG_WARN_DOCUMENTATION_COMMENTS = YES;
				CLANG_WARN_EMPTY_BODY = YES;
				CLANG_WARN_ENUM_CONVERSION = YES;
				CLANG_WARN_INFINITE_RECURSION = YES;
				CLANG_WARN_INT_CONVERSION = YES;
				CLANG_WARN_NON_LITERAL_NULL_CONVERSION = YES;
				CLANG_WARN_OBJC_IMPLICIT_RETAIN_SELF = YES;
				CLANG_WARN_OBJC_LITERAL_CONVERSION = YES;
				CLANG_WARN_OBJC_ROOT_CLASS = YES_ERROR;
				CLANG_WARN_RANGE_LOOP_ANALYSIS = YES;
				CLANG_WARN_STRICT_PROTOTYPES = YES;
				CLANG_WARN_SUSPICIOUS_MOVE = YES;
				CLANG_WARN_UNGUARDED_AVAILABILITY = YES_AGGRESSIVE;
				CLANG_WARN_UNREACHABLE_CODE = YES;
				CLANG_WARN__DUPLICATE_METHOD_MATCH = YES;
				COPY_PHASE_STRIP = NO;
				DEBUG_INFORMATION_FORMAT = "dwarf-with-dsym";
				ENABLE_NS_ASSERTIONS = NO;
				ENABLE_STRICT_OBJC_MSGSEND = YES;
				GCC_C_LANGUAGE_STANDARD = gnu11;
				GCC_NO_COMMON_BLOCKS = YES;
				GCC_WARN_64_TO_32_BIT_CONVERSION = YES;
				GCC_WARN_ABOUT_RETURN_TYPE = YES_ERROR;
				GCC_WARN_UNDECLARED_SELECTOR = YES;
				GCC_WARN_UNINITIALIZED_AUTOS = YES_AGGRESSIVE;
				GCC_WARN_UNUSED_FUNCTION = YES;
				GCC_WARN_UNUSED_VARIABLE = YES;
				IPHONEOS_DEPLOYMENT_TARGET = 13.4;
				MTL_ENABLE_DEBUG_INFO = NO;
				MTL_FAST_MATH = YES;
				SDKROOT = iphoneos;
				SWIFT_COMPILATION_MODE = wholemodule;
				SWIFT_OPTIMIZATION_LEVEL = "-O";
				VALIDATE_PRODUCT = YES;
			};
			name = Release;
		};
		27A7DD5D244B61DC00D6832C /* Debug */ = {
			isa = XCBuildConfiguration;
			buildSettings = {
				ASSETCATALOG_COMPILER_APPICON_NAME = AppIcon;
				CODE_SIGN_STYLE = Automatic;
				DEVELOPMENT_TEAM = KJ775HL522;
				INFOPLIST_FILE = Project26/Info.plist;
				LD_RUNPATH_SEARCH_PATHS = (
					"$(inherited)",
					"@executable_path/Frameworks",
				);
				PRODUCT_BUNDLE_IDENTIFIER = com.raccoon.Project26;
				PRODUCT_NAME = "$(TARGET_NAME)";
				SWIFT_VERSION = 5.0;
				TARGETED_DEVICE_FAMILY = 2;
			};
			name = Debug;
		};
		27A7DD5E244B61DC00D6832C /* Release */ = {
			isa = XCBuildConfiguration;
			buildSettings = {
				ASSETCATALOG_COMPILER_APPICON_NAME = AppIcon;
				CODE_SIGN_STYLE = Automatic;
				DEVELOPMENT_TEAM = KJ775HL522;
				INFOPLIST_FILE = Project26/Info.plist;
				LD_RUNPATH_SEARCH_PATHS = (
					"$(inherited)",
					"@executable_path/Frameworks",
				);
				PRODUCT_BUNDLE_IDENTIFIER = com.raccoon.Project26;
				PRODUCT_NAME = "$(TARGET_NAME)";
				SWIFT_VERSION = 5.0;
				TARGETED_DEVICE_FAMILY = 2;
			};
			name = Release;
		};
/* End XCBuildConfiguration section */

/* Begin XCConfigurationList section */
		27A7DD3F244B61D600D6832C /* Build configuration list for PBXProject "Project26" */ = {
			isa = XCConfigurationList;
			buildConfigurations = (
				27A7DD5A244B61DC00D6832C /* Debug */,
				27A7DD5B244B61DC00D6832C /* Release */,
			);
			defaultConfigurationIsVisible = 0;
			defaultConfigurationName = Release;
		};
		27A7DD5C244B61DC00D6832C /* Build configuration list for PBXNativeTarget "Project26" */ = {
			isa = XCConfigurationList;
			buildConfigurations = (
				27A7DD5D244B61DC00D6832C /* Debug */,
				27A7DD5E244B61DC00D6832C /* Release */,
			);
			defaultConfigurationIsVisible = 0;
			defaultConfigurationName = Release;
		};
/* End XCConfigurationList section */
	};
	rootObject = 27A7DD3C244B61D600D6832C /* Project object */;
}
