// !$*UTF8*$!
{
	archiveVersion = 1;
	classes = {
	};
	objectVersion = 50;
	objects = {

/* Begin PBXBuildFile section */
		27960A59248120C9005871A8 /* SwiftyJSON.swift in Sources */ = {isa = PBXBuildFile; fileRef = 27960A58248120C9005871A8 /* SwiftyJSON.swift */; };
		27960A5B248124D3005871A8 /* DetailViewController.swift in Sources */ = {isa = PBXBuildFile; fileRef = 27960A5A248124D3005871A8 /* DetailViewController.swift */; };
		27960A5E24813BE6005871A8 /* Project38.xcdatamodeld in Sources */ = {isa = PBXBuildFile; fileRef = 27960A5C24813BE6005871A8 /* Project38.xcdatamodeld */; };
		27BF9FA524811F82004EC347 /* AppDelegate.swift in Sources */ = {isa = PBXBuildFile; fileRef = 27BF9FA424811F82004EC347 /* AppDelegate.swift */; };
		27BF9FA724811F82004EC347 /* SceneDelegate.swift in Sources */ = {isa = PBXBuildFile; fileRef = 27BF9FA624811F82004EC347 /* SceneDelegate.swift */; };
		27BF9FA924811F82004EC347 /* ViewController.swift in Sources */ = {isa = PBXBuildFile; fileRef = 27BF9FA824811F82004EC347 /* ViewController.swift */; };
		27BF9FAC24811F82004EC347 /* Main.storyboard in Resources */ = {isa = PBXBuildFile; fileRef = 27BF9FAA24811F82004EC347 /* Main.storyboard */; };
		27BF9FAE24811F84004EC347 /* Assets.xcassets in Resources */ = {isa = PBXBuildFile; fileRef = 27BF9FAD24811F84004EC347 /* Assets.xcassets */; };
		27BF9FB124811F84004EC347 /* LaunchScreen.storyboard in Resources */ = {isa = PBXBuildFile; fileRef = 27BF9FAF24811F84004EC347 /* LaunchScreen.storyboard */; };
		27BF9FB924811FA1004EC347 /* README.md in Resources */ = {isa = PBXBuildFile; fileRef = 27BF9FB824811FA1004EC347 /* README.md */; };
		27D919012482A8530035C404 /* Commit+CoreDataClass.swift in Sources */ = {isa = PBXBuildFile; fileRef = 27D918FF2482A8520035C404 /* Commit+CoreDataClass.swift */; };
		27D919022482A8530035C404 /* Commit+CoreDataProperties.swift in Sources */ = {isa = PBXBuildFile; fileRef = 27D919002482A8520035C404 /* Commit+CoreDataProperties.swift */; };
		27E276A224856E0E00444814 /* Author+CoreDataClass.swift in Sources */ = {isa = PBXBuildFile; fileRef = 27E276A024856E0E00444814 /* Author+CoreDataClass.swift */; };
		27E276A324856E0E00444814 /* Author+CoreDataProperties.swift in Sources */ = {isa = PBXBuildFile; fileRef = 27E276A124856E0E00444814 /* Author+CoreDataProperties.swift */; };
/* End PBXBuildFile section */

/* Begin PBXFileReference section */
		27960A58248120C9005871A8 /* SwiftyJSON.swift */ = {isa = PBXFileReference; fileEncoding = 4; lastKnownFileType = sourcecode.swift; path = SwiftyJSON.swift; sourceTree = "<group>"; };
		27960A5A248124D3005871A8 /* DetailViewController.swift */ = {isa = PBXFileReference; lastKnownFileType = sourcecode.swift; path = DetailViewController.swift; sourceTree = "<group>"; };
		27960A5D24813BE6005871A8 /* Project38.xcdatamodel */ = {isa = PBXFileReference; lastKnownFileType = wrapper.xcdatamodel; path = Project38.xcdatamodel; sourceTree = "<group>"; };
		27BF9FA124811F82004EC347 /* Project38.app */ = {isa = PBXFileReference; explicitFileType = wrapper.application; includeInIndex = 0; path = Project38.app; sourceTree = BUILT_PRODUCTS_DIR; };
		27BF9FA424811F82004EC347 /* AppDelegate.swift */ = {isa = PBXFileReference; lastKnownFileType = sourcecode.swift; path = AppDelegate.swift; sourceTree = "<group>"; };
		27BF9FA624811F82004EC347 /* SceneDelegate.swift */ = {isa = PBXFileReference; lastKnownFileType = sourcecode.swift; path = SceneDelegate.swift; sourceTree = "<group>"; };
		27BF9FA824811F82004EC347 /* ViewController.swift */ = {isa = PBXFileReference; lastKnownFileType = sourcecode.swift; path = ViewController.swift; sourceTree = "<group>"; };
		27BF9FAB24811F82004EC347 /* Base */ = {isa = PBXFileReference; lastKnownFileType = file.storyboard; name = Base; path = Base.lproj/Main.storyboard; sourceTree = "<group>"; };
		27BF9FAD24811F84004EC347 /* Assets.xcassets */ = {isa = PBXFileReference; lastKnownFileType = folder.assetcatalog; path = Assets.xcassets; sourceTree = "<group>"; };
		27BF9FB024811F84004EC347 /* Base */ = {isa = PBXFileReference; lastKnownFileType = file.storyboard; name = Base; path = Base.lproj/LaunchScreen.storyboard; sourceTree = "<group>"; };
		27BF9FB224811F84004EC347 /* Info.plist */ = {isa = PBXFileReference; lastKnownFileType = text.plist.xml; path = Info.plist; sourceTree = "<group>"; };
		27BF9FB824811FA1004EC347 /* README.md */ = {isa = PBXFileReference; lastKnownFileType = net.daringfireball.markdown; path = README.md; sourceTree = "<group>"; };
		27D918FF2482A8520035C404 /* Commit+CoreDataClass.swift */ = {isa = PBXFileReference; lastKnownFileType = sourcecode.swift; path = "Commit+CoreDataClass.swift"; sourceTree = SOURCE_ROOT; };
		27D919002482A8520035C404 /* Commit+CoreDataProperties.swift */ = {isa = PBXFileReference; lastKnownFileType = sourcecode.swift; path = "Commit+CoreDataProperties.swift"; sourceTree = SOURCE_ROOT; };
		27E276A024856E0E00444814 /* Author+CoreDataClass.swift */ = {isa = PBXFileReference; lastKnownFileType = sourcecode.swift; path = "Author+CoreDataClass.swift"; sourceTree = SOURCE_ROOT; };
		27E276A124856E0E00444814 /* Author+CoreDataProperties.swift */ = {isa = PBXFileReference; lastKnownFileType = sourcecode.swift; path = "Author+CoreDataProperties.swift"; sourceTree = SOURCE_ROOT; };
/* End PBXFileReference section */

/* Begin PBXFrameworksBuildPhase section */
		27BF9F9E24811F82004EC347 /* Frameworks */ = {
			isa = PBXFrameworksBuildPhase;
			buildActionMask = 2147483647;
			files = (
			);
			runOnlyForDeploymentPostprocessing = 0;
		};
/* End PBXFrameworksBuildPhase section */

/* Begin PBXGroup section */
		27BF9F9824811F82004EC347 = {
			isa = PBXGroup;
			children = (
				27BF9FB824811FA1004EC347 /* README.md */,
				27BF9FA324811F82004EC347 /* Project38 */,
				27BF9FA224811F82004EC347 /* Products */,
			);
			sourceTree = "<group>";
		};
		27BF9FA224811F82004EC347 /* Products */ = {
			isa = PBXGroup;
			children = (
				27BF9FA124811F82004EC347 /* Project38.app */,
			);
			name = Products;
			sourceTree = "<group>";
		};
		27BF9FA324811F82004EC347 /* Project38 */ = {
			isa = PBXGroup;
			children = (
				27E276A024856E0E00444814 /* Author+CoreDataClass.swift */,
				27E276A124856E0E00444814 /* Author+CoreDataProperties.swift */,
				27D918FF2482A8520035C404 /* Commit+CoreDataClass.swift */,
				27D919002482A8520035C404 /* Commit+CoreDataProperties.swift */,
				27BF9FA424811F82004EC347 /* AppDelegate.swift */,
				27BF9FA624811F82004EC347 /* SceneDelegate.swift */,
				27BF9FA824811F82004EC347 /* ViewController.swift */,
				27960A5C24813BE6005871A8 /* Project38.xcdatamodeld */,
				27960A5A248124D3005871A8 /* DetailViewController.swift */,
				27BF9FAA24811F82004EC347 /* Main.storyboard */,
				27BF9FAD24811F84004EC347 /* Assets.xcassets */,
				27BF9FAF24811F84004EC347 /* LaunchScreen.storyboard */,
				27BF9FB224811F84004EC347 /* Info.plist */,
				27960A58248120C9005871A8 /* SwiftyJSON.swift */,
			);
			path = Project38;
			sourceTree = "<group>";
		};
/* End PBXGroup section */

/* Begin PBXNativeTarget section */
		27BF9FA024811F82004EC347 /* Project38 */ = {
			isa = PBXNativeTarget;
			buildConfigurationList = 27BF9FB524811F84004EC347 /* Build configuration list for PBXNativeTarget "Project38" */;
			buildPhases = (
				27BF9F9D24811F82004EC347 /* Sources */,
				27BF9F9E24811F82004EC347 /* Frameworks */,
				27BF9F9F24811F82004EC347 /* Resources */,
			);
			buildRules = (
			);
			dependencies = (
			);
			name = Project38;
			productName = Project38;
			productReference = 27BF9FA124811F82004EC347 /* Project38.app */;
			productType = "com.apple.product-type.application";
		};
/* End PBXNativeTarget section */

/* Begin PBXProject section */
		27BF9F9924811F82004EC347 /* Project object */ = {
			isa = PBXProject;
			attributes = {
				LastSwiftUpdateCheck = 1140;
				LastUpgradeCheck = 1140;
				ORGANIZATIONNAME = Mike;
				TargetAttributes = {
					27BF9FA024811F82004EC347 = {
						CreatedOnToolsVersion = 11.4.1;
					};
				};
			};
			buildConfigurationList = 27BF9F9C24811F82004EC347 /* Build configuration list for PBXProject "Project38" */;
			compatibilityVersion = "Xcode 9.3";
			developmentRegion = en;
			hasScannedForEncodings = 0;
			knownRegions = (
				en,
				Base,
			);
			mainGroup = 27BF9F9824811F82004EC347;
			productRefGroup = 27BF9FA224811F82004EC347 /* Products */;
			projectDirPath = "";
			projectRoot = "";
			targets = (
				27BF9FA024811F82004EC347 /* Project38 */,
			);
		};
/* End PBXProject section */

/* Begin PBXResourcesBuildPhase section */
		27BF9F9F24811F82004EC347 /* Resources */ = {
			isa = PBXResourcesBuildPhase;
			buildActionMask = 2147483647;
			files = (
				27BF9FB124811F84004EC347 /* LaunchScreen.storyboard in Resources */,
				27BF9FAE24811F84004EC347 /* Assets.xcassets in Resources */,
				27BF9FB924811FA1004EC347 /* README.md in Resources */,
				27BF9FAC24811F82004EC347 /* Main.storyboard in Resources */,
			);
			runOnlyForDeploymentPostprocessing = 0;
		};
/* End PBXResourcesBuildPhase section */

/* Begin PBXSourcesBuildPhase section */
		27BF9F9D24811F82004EC347 /* Sources */ = {
			isa = PBXSourcesBuildPhase;
			buildActionMask = 2147483647;
			files = (
				27BF9FA924811F82004EC347 /* ViewController.swift in Sources */,
				27D919012482A8530035C404 /* Commit+CoreDataClass.swift in Sources */,
				27BF9FA524811F82004EC347 /* AppDelegate.swift in Sources */,
				27960A5B248124D3005871A8 /* DetailViewController.swift in Sources */,
				27BF9FA724811F82004EC347 /* SceneDelegate.swift in Sources */,
				27960A5E24813BE6005871A8 /* Project38.xcdatamodeld in Sources */,
				27E276A224856E0E00444814 /* Author+CoreDataClass.swift in Sources */,
				27D919022482A8530035C404 /* Commit+CoreDataProperties.swift in Sources */,
				27E276A324856E0E00444814 /* Author+CoreDataProperties.swift in Sources */,
				27960A59248120C9005871A8 /* SwiftyJSON.swift in Sources */,
			);
			runOnlyForDeploymentPostprocessing = 0;
		};
/* End PBXSourcesBuildPhase section */

/* Begin PBXVariantGroup section */
		27BF9FAA24811F82004EC347 /* Main.storyboard */ = {
			isa = PBXVariantGroup;
			children = (
				27BF9FAB24811F82004EC347 /* Base */,
			);
			name = Main.storyboard;
			sourceTree = "<group>";
		};
		27BF9FAF24811F84004EC347 /* LaunchScreen.storyboard */ = {
			isa = PBXVariantGroup;
			children = (
				27BF9FB024811F84004EC347 /* Base */,
			);
			name = LaunchScreen.storyboard;
			sourceTree = "<group>";
		};
/* End PBXVariantGroup section */

/* Begin XCBuildConfiguration section */
		27BF9FB324811F84004EC347 /* Debug */ = {
			isa = XCBuildConfiguration;
			buildSettings = {
				ALWAYS_SEARCH_USER_PATHS = NO;
				CLANG_ANALYZER_NONNULL = YES;
				CLANG_ANALYZER_NUMBER_OBJECT_CONVERSION = YES_AGGRESSIVE;
				CLANG_CXX_LANGUAGE_STANDARD = "gnu++14";
				CLANG_CXX_LIBRARY = "libc++";
				CLANG_ENABLE_MODULES = YES;
				CLANG_ENABLE_OBJC_ARC = YES;
				CLANG_ENABLE_OBJC_WEAK = YES;
				CLANG_WARN_BLOCK_CAPTURE_AUTORELEASING = YES;
				CLANG_WARN_BOOL_CONVERSION = YES;
				CLANG_WARN_COMMA = YES;
				CLANG_WARN_CONSTANT_CONVERSION = YES;
				CLANG_WARN_DEPRECATED_OBJC_IMPLEMENTATIONS = YES;
				CLANG_WARN_DIRECT_OBJC_ISA_USAGE = YES_ERROR;
				CLANG_WARN_DOCUMENTATION_COMMENTS = YES;
				CLANG_WARN_EMPTY_BODY = YES;
				CLANG_WARN_ENUM_CONVERSION = YES;
				CLANG_WARN_INFINITE_RECURSION = YES;
				CLANG_WARN_INT_CONVERSION = YES;
				CLANG_WARN_NON_LITERAL_NULL_CONVERSION = YES;
				CLANG_WARN_OBJC_IMPLICIT_RETAIN_SELF = YES;
				CLANG_WARN_OBJC_LITERAL_CONVERSION = YES;
				CLANG_WARN_OBJC_ROOT_CLASS = YES_ERROR;
				CLANG_WARN_RANGE_LOOP_ANALYSIS = YES;
				CLANG_WARN_STRICT_PROTOTYPES = YES;
				CLANG_WARN_SUSPICIOUS_MOVE = YES;
				CLANG_WARN_UNGUARDED_AVAILABILITY = YES_AGGRESSIVE;
				CLANG_WARN_UNREACHABLE_CODE = YES;
				CLANG_WARN__DUPLICATE_METHOD_MATCH = YES;
				COPY_PHASE_STRIP = NO;
				DEBUG_INFORMATION_FORMAT = dwarf;
				ENABLE_STRICT_OBJC_MSGSEND = YES;
				ENABLE_TESTABILITY = YES;
				GCC_C_LANGUAGE_STANDARD = gnu11;
				GCC_DYNAMIC_NO_PIC = NO;
				GCC_NO_COMMON_BLOCKS = YES;
				GCC_OPTIMIZATION_LEVEL = 0;
				GCC_PREPROCESSOR_DEFINITIONS = (
					"DEBUG=1",
					"$(inherited)",
				);
				GCC_WARN_64_TO_32_BIT_CONVERSION = YES;
				GCC_WARN_ABOUT_RETURN_TYPE = YES_ERROR;
				GCC_WARN_UNDECLARED_SELECTOR = YES;
				GCC_WARN_UNINITIALIZED_AUTOS = YES_AGGRESSIVE;
				GCC_WARN_UNUSED_FUNCTION = YES;
				GCC_WARN_UNUSED_VARIABLE = YES;
				IPHONEOS_DEPLOYMENT_TARGET = 13.4;
				MTL_ENABLE_DEBUG_INFO = INCLUDE_SOURCE;
				MTL_FAST_MATH = YES;
				ONLY_ACTIVE_ARCH = YES;
				SDKROOT = iphoneos;
				SWIFT_ACTIVE_COMPILATION_CONDITIONS = DEBUG;
				SWIFT_OPTIMIZATION_LEVEL = "-Onone";
			};
			name = Debug;
		};
		27BF9FB424811F84004EC347 /* Release */ = {
			isa = XCBuildConfiguration;
			buildSettings = {
				ALWAYS_SEARCH_USER_PATHS = NO;
				CLANG_ANALYZER_NONNULL = YES;
				CLANG_ANALYZER_NUMBER_OBJECT_CONVERSION = YES_AGGRESSIVE;
				CLANG_CXX_LANGUAGE_STANDARD = "gnu++14";
				CLANG_CXX_LIBRARY = "libc++";
				CLANG_ENABLE_MODULES = YES;
				CLANG_ENABLE_OBJC_ARC = YES;
				CLANG_ENABLE_OBJC_WEAK = YES;
				CLANG_WARN_BLOCK_CAPTURE_AUTORELEASING = YES;
				CLANG_WARN_BOOL_CONVERSION = YES;
				CLANG_WARN_COMMA = YES;
				CLANG_WARN_CONSTANT_CONVERSION = YES;
				CLANG_WARN_DEPRECATED_OBJC_IMPLEMENTATIONS = YES;
				CLANG_WARN_DIRECT_OBJC_ISA_USAGE = YES_ERROR;
				CLANG_WARN_DOCUMENTATION_COMMENTS = YES;
				CLANG_WARN_EMPTY_BODY = YES;
				CLANG_WARN_ENUM_CONVERSION = YES;
				CLANG_WARN_INFINITE_RECURSION = YES;
				CLANG_WARN_INT_CONVERSION = YES;
				CLANG_WARN_NON_LITERAL_NULL_CONVERSION = YES;
				CLANG_WARN_OBJC_IMPLICIT_RETAIN_SELF = YES;
				CLANG_WARN_OBJC_LITERAL_CONVERSION = YES;
				CLANG_WARN_OBJC_ROOT_CLASS = YES_ERROR;
				CLANG_WARN_RANGE_LOOP_ANALYSIS = YES;
				CLANG_WARN_STRICT_PROTOTYPES = YES;
				CLANG_WARN_SUSPICIOUS_MOVE = YES;
				CLANG_WARN_UNGUARDED_AVAILABILITY = YES_AGGRESSIVE;
				CLANG_WARN_UNREACHABLE_CODE = YES;
				CLANG_WARN__DUPLICATE_METHOD_MATCH = YES;
				COPY_PHASE_STRIP = NO;
				DEBUG_INFORMATION_FORMAT = "dwarf-with-dsym";
				ENABLE_NS_ASSERTIONS = NO;
				ENABLE_STRICT_OBJC_MSGSEND = YES;
				GCC_C_LANGUAGE_STANDARD = gnu11;
				GCC_NO_COMMON_BLOCKS = YES;
				GCC_WARN_64_TO_32_BIT_CONVERSION = YES;
				GCC_WARN_ABOUT_RETURN_TYPE = YES_ERROR;
				GCC_WARN_UNDECLARED_SELECTOR = YES;
				GCC_WARN_UNINITIALIZED_AUTOS = YES_AGGRESSIVE;
				GCC_WARN_UNUSED_FUNCTION = YES;
				GCC_WARN_UNUSED_VARIABLE = YES;
				IPHONEOS_DEPLOYMENT_TARGET = 13.4;
				MTL_ENABLE_DEBUG_INFO = NO;
				MTL_FAST_MATH = YES;
				SDKROOT = iphoneos;
				SWIFT_COMPILATION_MODE = wholemodule;
				SWIFT_OPTIMIZATION_LEVEL = "-O";
				VALIDATE_PRODUCT = YES;
			};
			name = Release;
		};
		27BF9FB624811F84004EC347 /* Debug */ = {
			isa = XCBuildConfiguration;
			buildSettings = {
				ASSETCATALOG_COMPILER_APPICON_NAME = AppIcon;
				CODE_SIGN_STYLE = Automatic;
				DEVELOPMENT_TEAM = KJ775HL522;
				INFOPLIST_FILE = Project38/Info.plist;
				LD_RUNPATH_SEARCH_PATHS = (
					"$(inherited)",
					"@executable_path/Frameworks",
				);
				PRODUCT_BUNDLE_IDENTIFIER = com.raccoon.Project38;
				PRODUCT_NAME = "$(TARGET_NAME)";
				SWIFT_VERSION = 5.0;
				TARGETED_DEVICE_FAMILY = "1,2";
			};
			name = Debug;
		};
		27BF9FB724811F84004EC347 /* Release */ = {
			isa = XCBuildConfiguration;
			buildSettings = {
				ASSETCATALOG_COMPILER_APPICON_NAME = AppIcon;
				CODE_SIGN_STYLE = Automatic;
				DEVELOPMENT_TEAM = KJ775HL522;
				INFOPLIST_FILE = Project38/Info.plist;
				LD_RUNPATH_SEARCH_PATHS = (
					"$(inherited)",
					"@executable_path/Frameworks",
				);
				PRODUCT_BUNDLE_IDENTIFIER = com.raccoon.Project38;
				PRODUCT_NAME = "$(TARGET_NAME)";
				SWIFT_VERSION = 5.0;
				TARGETED_DEVICE_FAMILY = "1,2";
			};
			name = Release;
		};
/* End XCBuildConfiguration section */

/* Begin XCConfigurationList section */
		27BF9F9C24811F82004EC347 /* Build configuration list for PBXProject "Project38" */ = {
			isa = XCConfigurationList;
			buildConfigurations = (
				27BF9FB324811F84004EC347 /* Debug */,
				27BF9FB424811F84004EC347 /* Release */,
			);
			defaultConfigurationIsVisible = 0;
			defaultConfigurationName = Release;
		};
		27BF9FB524811F84004EC347 /* Build configuration list for PBXNativeTarget "Project38" */ = {
			isa = XCConfigurationList;
			buildConfigurations = (
				27BF9FB624811F84004EC347 /* Debug */,
				27BF9FB724811F84004EC347 /* Release */,
			);
			defaultConfigurationIsVisible = 0;
			defaultConfigurationName = Release;
		};
/* End XCConfigurationList section */

/* Begin XCVersionGroup section */
		27960A5C24813BE6005871A8 /* Project38.xcdatamodeld */ = {
			isa = XCVersionGroup;
			children = (
				27960A5D24813BE6005871A8 /* Project38.xcdatamodel */,
			);
			currentVersion = 27960A5D24813BE6005871A8 /* Project38.xcdatamodel */;
			path = Project38.xcdatamodeld;
			sourceTree = "<group>";
			versionGroupType = wrapper.xcdatamodel;
		};
/* End XCVersionGroup section */
	};
	rootObject = 27BF9F9924811F82004EC347 /* Project object */;
}
